
Microsoft Visual Studio Solution File, Format Version 12.00
# Visual Studio 15
VisualStudioVersion = 15.0.27428.2037
MinimumVisualStudioVersion = 10.0.40219.1
Project("{2150E333-8FDC-42A3-9474-1A3956D46DE8}") = "0-Dominio", "0-Dominio", "{F558546B-2205-4DBA-B177-7A8D982E20D2}"
EndProject
Project("{2150E333-8FDC-42A3-9474-1A3956D46DE8}") = "1-Infra", "1-Infra", "{3DEC43BE-7C15-44EA-962D-E74A82C444A0}"
EndProject
Project("{FAE04EC0-301F-11D3-BF4B-00C04F79EFBC}") = "SIDomper.Dominio", "SIDomper.Dominio\SIDomper.Dominio.csproj", "{6CF9B184-82A0-49DF-A02C-4497FF30E523}"
EndProject
Project("{FAE04EC0-301F-11D3-BF4B-00C04F79EFBC}") = "SIDomper.Infra", "SIDomper.Infra\SIDomper.Infra.csproj", "{093CCFE8-8126-40E1-A0F4-41F67D624658}"
EndProject
Project("{2150E333-8FDC-42A3-9474-1A3956D46DE8}") = "2-Servicos", "2-Servicos", "{300B1E1C-4908-4B41-9703-CAFCB427FDD2}"
EndProject
Project("{FAE04EC0-301F-11D3-BF4B-00C04F79EFBC}") = "SIDomper.Servicos", "SIDomper.Servicos\SIDomper.Servicos.csproj", "{46CDD090-3D19-42D6-8294-4D7BFA09BCBD}"
EndProject
Project("{2150E333-8FDC-42A3-9474-1A3956D46DE8}") = "6-UI.DOS", "6-UI.DOS", "{7648D733-C0B0-4D62-A072-594F3E5F36D7}"
EndProject
Project("{FAE04EC0-301F-11D3-BF4B-00C04F79EFBC}") = "Testes", "Testes\Testes.csproj", "{099FB278-941E-4250-9151-10EE1F7F0B47}"
EndProject
Project("{2150E333-8FDC-42A3-9474-1A3956D46DE8}") = "3-Web", "3-Web", "{05075093-5189-4F65-92C3-B5EA75C9E462}"
EndProject
Project("{FAE04EC0-301F-11D3-BF4B-00C04F79EFBC}") = "SIDomper.WEB", "SIDomper.WEB\SIDomper.WEB.csproj", "{2FC38BEC-5C3E-4C71-B365-ACCE829E800E}"
EndProject
Project("{FAE04EC0-301F-11D3-BF4B-00C04F79EFBC}") = "SIDomper.AdminWeb", "SIDomper.AdminWeb\SIDomper.AdminWeb.csproj", "{89927EE8-9D93-4593-B192-6464D1688E7D}"
EndProject
Project("{2150E333-8FDC-42A3-9474-1A3956D46DE8}") = "7-UI.Windows", "7-UI.Windows", "{14C1D78B-174D-46EC-B472-9350BED6317E}"
EndProject
Project("{FAE04EC0-301F-11D3-BF4B-00C04F79EFBC}") = "SIDomper.Win", "SIDomper.Win\SIDomper.Win.csproj", "{22371943-6360-4A4B-950D-7BABA8DCFC4C}"
EndProject
Project("{2150E333-8FDC-42A3-9474-1A3956D46DE8}") = "4-WebAPI", "4-WebAPI", "{B3AE40F2-FD26-4AC5-A1F4-30C476E81A5D}"
EndProject
Project("{FAE04EC0-301F-11D3-BF4B-00C04F79EFBC}") = "SIDomperWebApi", "SIDomperWebApi\SIDomperWebApi.csproj", "{206A0357-4790-4149-B0AA-97AC554D5CD5}"
EndProject
Project("{2150E333-8FDC-42A3-9474-1A3956D46DE8}") = "5-Apresentacao", "5-Apresentacao", "{B91532F3-7D36-49C1-9DBC-337FF28EB5FE}"
EndProject
Project("{FAE04EC0-301F-11D3-BF4B-00C04F79EFBC}") = "SIDomper.Apresentacao", "SIDomper.Apresentacao\SIDomper.Apresentacao.csproj", "{8F0FB3BA-9283-44A6-AE25-88E21FE83E93}"
EndProject
Global
	GlobalSection(SubversionScc) = preSolution
		Svn-Managed = True
		Manager = AnkhSVN - Subversion Support for Visual Studio
	EndGlobalSection
	GlobalSection(SolutionConfigurationPlatforms) = preSolution
		Debug|Any CPU = Debug|Any CPU
		Release|Any CPU = Release|Any CPU
	EndGlobalSection
	GlobalSection(ProjectConfigurationPlatforms) = postSolution
		{6CF9B184-82A0-49DF-A02C-4497FF30E523}.Debug|Any CPU.ActiveCfg = Debug|Any CPU
		{6CF9B184-82A0-49DF-A02C-4497FF30E523}.Debug|Any CPU.Build.0 = Debug|Any CPU
		{6CF9B184-82A0-49DF-A02C-4497FF30E523}.Release|Any CPU.ActiveCfg = Release|Any CPU
		{6CF9B184-82A0-49DF-A02C-4497FF30E523}.Release|Any CPU.Build.0 = Release|Any CPU
		{093CCFE8-8126-40E1-A0F4-41F67D624658}.Debug|Any CPU.ActiveCfg = Debug|Any CPU
		{093CCFE8-8126-40E1-A0F4-41F67D624658}.Debug|Any CPU.Build.0 = Debug|Any CPU
		{093CCFE8-8126-40E1-A0F4-41F67D624658}.Release|Any CPU.ActiveCfg = Release|Any CPU
		{093CCFE8-8126-40E1-A0F4-41F67D624658}.Release|Any CPU.Build.0 = Release|Any CPU
		{46CDD090-3D19-42D6-8294-4D7BFA09BCBD}.Debug|Any CPU.ActiveCfg = Debug|Any CPU
		{46CDD090-3D19-42D6-8294-4D7BFA09BCBD}.Debug|Any CPU.Build.0 = Debug|Any CPU
		{46CDD090-3D19-42D6-8294-4D7BFA09BCBD}.Release|Any CPU.ActiveCfg = Release|Any CPU
		{46CDD090-3D19-42D6-8294-4D7BFA09BCBD}.Release|Any CPU.Build.0 = Release|Any CPU
		{099FB278-941E-4250-9151-10EE1F7F0B47}.Debug|Any CPU.ActiveCfg = Debug|Any CPU
		{099FB278-941E-4250-9151-10EE1F7F0B47}.Debug|Any CPU.Build.0 = Debug|Any CPU
		{099FB278-941E-4250-9151-10EE1F7F0B47}.Release|Any CPU.ActiveCfg = Release|Any CPU
		{099FB278-941E-4250-9151-10EE1F7F0B47}.Release|Any CPU.Build.0 = Release|Any CPU
		{2FC38BEC-5C3E-4C71-B365-ACCE829E800E}.Debug|Any CPU.ActiveCfg = Debug|Any CPU
		{2FC38BEC-5C3E-4C71-B365-ACCE829E800E}.Debug|Any CPU.Build.0 = Debug|Any CPU
		{2FC38BEC-5C3E-4C71-B365-ACCE829E800E}.Release|Any CPU.ActiveCfg = Release|Any CPU
		{2FC38BEC-5C3E-4C71-B365-ACCE829E800E}.Release|Any CPU.Build.0 = Release|Any CPU
		{89927EE8-9D93-4593-B192-6464D1688E7D}.Debug|Any CPU.ActiveCfg = Debug|Any CPU
		{89927EE8-9D93-4593-B192-6464D1688E7D}.Debug|Any CPU.Build.0 = Debug|Any CPU
		{89927EE8-9D93-4593-B192-6464D1688E7D}.Release|Any CPU.ActiveCfg = Release|Any CPU
		{89927EE8-9D93-4593-B192-6464D1688E7D}.Release|Any CPU.Build.0 = Release|Any CPU
		{22371943-6360-4A4B-950D-7BABA8DCFC4C}.Debug|Any CPU.ActiveCfg = Debug|Any CPU
		{22371943-6360-4A4B-950D-7BABA8DCFC4C}.Debug|Any CPU.Build.0 = Debug|Any CPU
		{22371943-6360-4A4B-950D-7BABA8DCFC4C}.Release|Any CPU.ActiveCfg = Release|Any CPU
		{22371943-6360-4A4B-950D-7BABA8DCFC4C}.Release|Any CPU.Build.0 = Release|Any CPU
		{206A0357-4790-4149-B0AA-97AC554D5CD5}.Debug|Any CPU.ActiveCfg = Debug|Any CPU
		{206A0357-4790-4149-B0AA-97AC554D5CD5}.Debug|Any CPU.Build.0 = Debug|Any CPU
		{206A0357-4790-4149-B0AA-97AC554D5CD5}.Release|Any CPU.ActiveCfg = Release|Any CPU
		{206A0357-4790-4149-B0AA-97AC554D5CD5}.Release|Any CPU.Build.0 = Release|Any CPU
		{8F0FB3BA-9283-44A6-AE25-88E21FE83E93}.Debug|Any CPU.ActiveCfg = Debug|Any CPU
		{8F0FB3BA-9283-44A6-AE25-88E21FE83E93}.Debug|Any CPU.Build.0 = Debug|Any CPU
		{8F0FB3BA-9283-44A6-AE25-88E21FE83E93}.Release|Any CPU.ActiveCfg = Release|Any CPU
		{8F0FB3BA-9283-44A6-AE25-88E21FE83E93}.Release|Any CPU.Build.0 = Release|Any CPU
	EndGlobalSection
	GlobalSection(SolutionProperties) = preSolution
		HideSolutionNode = FALSE
	EndGlobalSection
	GlobalSection(NestedProjects) = preSolution
		{6CF9B184-82A0-49DF-A02C-4497FF30E523} = {F558546B-2205-4DBA-B177-7A8D982E20D2}
		{093CCFE8-8126-40E1-A0F4-41F67D624658} = {3DEC43BE-7C15-44EA-962D-E74A82C444A0}
		{46CDD090-3D19-42D6-8294-4D7BFA09BCBD} = {300B1E1C-4908-4B41-9703-CAFCB427FDD2}
		{099FB278-941E-4250-9151-10EE1F7F0B47} = {7648D733-C0B0-4D62-A072-594F3E5F36D7}
		{2FC38BEC-5C3E-4C71-B365-ACCE829E800E} = {05075093-5189-4F65-92C3-B5EA75C9E462}
		{89927EE8-9D93-4593-B192-6464D1688E7D} = {05075093-5189-4F65-92C3-B5EA75C9E462}
		{22371943-6360-4A4B-950D-7BABA8DCFC4C} = {14C1D78B-174D-46EC-B472-9350BED6317E}
		{206A0357-4790-4149-B0AA-97AC554D5CD5} = {B3AE40F2-FD26-4AC5-A1F4-30C476E81A5D}
		{8F0FB3BA-9283-44A6-AE25-88E21FE83E93} = {B91532F3-7D36-49C1-9DBC-337FF28EB5FE}
	EndGlobalSection
	GlobalSection(ExtensibilityGlobals) = postSolution
		SolutionGuid = {DDB505EB-9930-4A68-9865-E78362ADCDD6}
	EndGlobalSection
EndGlobal
